
Microsoft Visual Studio Solution File, Format Version 12.00
# Visual Studio 15
VisualStudioVersion = 15.0.27130.2024
MinimumVisualStudioVersion = 10.0.40219.1
Project("{FAE04EC0-301F-11D3-BF4B-00C04F79EFBC}") = "GUI", "WindowsFormsApp15\GUI.csproj", "{B433E358-EF63-4823-B7C8-237C314BD792}"
EndProject
Project("{FAE04EC0-301F-11D3-BF4B-00C04F79EFBC}") = "DTO", "DTO\DTO.csproj", "{69D93EC5-B888-42EC-BEE2-3E9D03936F7A}"
EndProject
Project("{FAE04EC0-301F-11D3-BF4B-00C04F79EFBC}") = "DAL", "DAL\DAL.csproj", "{BAD52045-53A6-432A-8F44-C28243EF5F60}"
EndProject
Project("{FAE04EC0-301F-11D3-BF4B-00C04F79EFBC}") = "BLL", "BLL\BLL.csproj", "{4A7ECF0F-B8E6-4542-B139-6A53ACC5D562}"
EndProject
Global
	GlobalSection(SolutionConfigurationPlatforms) = preSolution
		Debug|Any CPU = Debug|Any CPU
		Debug|x86 = Debug|x86
		Release|Any CPU = Release|Any CPU
		Release|x86 = Release|x86
	EndGlobalSection
	GlobalSection(ProjectConfigurationPlatforms) = postSolution
		{B433E358-EF63-4823-B7C8-237C314BD792}.Debug|Any CPU.ActiveCfg = Debug|Any CPU
		{B433E358-EF63-4823-B7C8-237C314BD792}.Debug|Any CPU.Build.0 = Debug|Any CPU
		{B433E358-EF63-4823-B7C8-237C314BD792}.Debug|x86.ActiveCfg = Debug|Any CPU
		{B433E358-EF63-4823-B7C8-237C314BD792}.Debug|x86.Build.0 = Debug|Any CPU
		{B433E358-EF63-4823-B7C8-237C314BD792}.Release|Any CPU.ActiveCfg = Release|Any CPU
		{B433E358-EF63-4823-B7C8-237C314BD792}.Release|Any CPU.Build.0 = Release|Any CPU
		{B433E358-EF63-4823-B7C8-237C314BD792}.Release|x86.ActiveCfg = Release|Any CPU
		{B433E358-EF63-4823-B7C8-237C314BD792}.Release|x86.Build.0 = Release|Any CPU
		{69D93EC5-B888-42EC-BEE2-3E9D03936F7A}.Debug|Any CPU.ActiveCfg = Debug|Any CPU
		{69D93EC5-B888-42EC-BEE2-3E9D03936F7A}.Debug|Any CPU.Build.0 = Debug|Any CPU
		{69D93EC5-B888-42EC-BEE2-3E9D03936F7A}.Debug|x86.ActiveCfg = Debug|Any CPU
		{69D93EC5-B888-42EC-BEE2-3E9D03936F7A}.Debug|x86.Build.0 = Debug|Any CPU
		{69D93EC5-B888-42EC-BEE2-3E9D03936F7A}.Release|Any CPU.ActiveCfg = Release|Any CPU
		{69D93EC5-B888-42EC-BEE2-3E9D03936F7A}.Release|Any CPU.Build.0 = Release|Any CPU
		{69D93EC5-B888-42EC-BEE2-3E9D03936F7A}.Release|x86.ActiveCfg = Release|Any CPU
		{69D93EC5-B888-42EC-BEE2-3E9D03936F7A}.Release|x86.Build.0 = Release|Any CPU
		{BAD52045-53A6-432A-8F44-C28243EF5F60}.Debug|Any CPU.ActiveCfg = Debug|Any CPU
		{BAD52045-53A6-432A-8F44-C28243EF5F60}.Debug|Any CPU.Build.0 = Debug|Any CPU
		{BAD52045-53A6-432A-8F44-C28243EF5F60}.Debug|x86.ActiveCfg = Debug|Any CPU
		{BAD52045-53A6-432A-8F44-C28243EF5F60}.Debug|x86.Build.0 = Debug|Any CPU
		{BAD52045-53A6-432A-8F44-C28243EF5F60}.Release|Any CPU.ActiveCfg = Release|Any CPU
		{BAD52045-53A6-432A-8F44-C28243EF5F60}.Release|Any CPU.Build.0 = Release|Any CPU
		{BAD52045-53A6-432A-8F44-C28243EF5F60}.Release|x86.ActiveCfg = Release|Any CPU
		{BAD52045-53A6-432A-8F44-C28243EF5F60}.Release|x86.Build.0 = Release|Any CPU
		{4A7ECF0F-B8E6-4542-B139-6A53ACC5D562}.Debug|Any CPU.ActiveCfg = Debug|Any CPU
		{4A7ECF0F-B8E6-4542-B139-6A53ACC5D562}.Debug|Any CPU.Build.0 = Debug|Any CPU
		{4A7ECF0F-B8E6-4542-B139-6A53ACC5D562}.Debug|x86.ActiveCfg = Debug|Any CPU
		{4A7ECF0F-B8E6-4542-B139-6A53ACC5D562}.Debug|x86.Build.0 = Debug|Any CPU
		{4A7ECF0F-B8E6-4542-B139-6A53ACC5D562}.Release|Any CPU.ActiveCfg = Release|Any CPU
		{4A7ECF0F-B8E6-4542-B139-6A53ACC5D562}.Release|Any CPU.Build.0 = Release|Any CPU
		{4A7ECF0F-B8E6-4542-B139-6A53ACC5D562}.Release|x86.ActiveCfg = Release|Any CPU
		{4A7ECF0F-B8E6-4542-B139-6A53ACC5D562}.Release|x86.Build.0 = Release|Any CPU
	EndGlobalSection
	GlobalSection(SolutionProperties) = preSolution
		HideSolutionNode = FALSE
	EndGlobalSection
	GlobalSection(ExtensibilityGlobals) = postSolution
		SolutionGuid = {8D185AA9-8EB7-46D2-AF5B-E8698B6126B9}
	EndGlobalSection
EndGlobal
